{
    "doctrine/annotations": {
        "version": "2.0",
        "recipe": {
            "repo": "github.com/symfony/recipes",
            "branch": "main",
            "version": "1.10",
            "ref": "64d8583af5ea57b7afa4aba4b159907f3a148b05"
        }
    },
    "doctrine/deprecations": {
        "version": "1.1",
        "recipe": {
            "repo": "github.com/symfony/recipes",
            "branch": "main",
            "version": "1.0",
            "ref": "87424683adc81d7dc305eefec1fced883084aab9"
        }
    },
    "doctrine/doctrine-bundle": {
        "version": "2.18",
        "recipe": {
            "repo": "github.com/symfony/recipes",
            "branch": "main",
            "version": "2.13",
            "ref": "620b57f496f2e599a6015a9fa222c2ee0a32adcb"
        },
        "files": [
            "config/packages/doctrine.yaml",
            "src/Entity/.gitignore",
            "src/Repository/.gitignore"
        ]
    },
    "doctrine/doctrine-migrations-bundle": {
        "version": "3.7",
        "recipe": {
            "repo": "github.com/symfony/recipes",
            "branch": "main",
            "version": "3.1",
            "ref": "1d01ec03c6ecbd67c3375c5478c9a423ae5d6a33"
        },
        "files": [
            "config/packages/doctrine_migrations.yaml",
            "migrations/.gitignore"
        ]
    },
    "knplabs/knp-menu-bundle": {
        "version": "v3.5.0"
    },
    "nyholm/psr7": {
        "version": "1.8",
        "recipe": {
            "repo": "github.com/symfony/recipes",
            "branch": "main",
            "version": "1.0",
            "ref": "4a8c0345442dcca1d8a2c65633dcf0285dd5a5a2"
        },
        "files": [
            "config/packages/nyholm_psr7.yaml"
        ]
    },
    "overblog/graphiql-bundle": {
        "version": "1.0",
        "recipe": {
            "repo": "github.com/symfony/recipes-contrib",
            "branch": "main",
            "version": "0.1",
            "ref": "96d185c63491cd15c1570f6243ec1808f4462970"
        },
        "files": [
            "config/routes/dev/graphiql.yaml"
        ]
    },
    "overblog/graphql-bundle": {
        "version": "1.9",
        "recipe": {
            "repo": "github.com/symfony/recipes-contrib",
            "branch": "main",
            "version": "0.12",
            "ref": "b122f3bfcfc0706c617a74afa8510af4799810f6"
        },
        "files": [
            "config/graphql/types/.gitignore",
            "config/packages/graphql.yaml",
            "config/routes/graphql.yaml"
        ]
    },
    "sonata-project/admin-bundle": {
        "version": "4.34",
        "recipe": {
            "repo": "github.com/symfony/recipes-contrib",
            "branch": "main",
            "version": "4.0",
            "ref": "0e5931df1732e3dccfba42a20853049e5e9db6ae"
        }
    },
    "sonata-project/block-bundle": {
        "version": "5.1",
        "recipe": {
            "repo": "github.com/symfony/recipes-contrib",
            "branch": "main",
            "version": "4.11",
            "ref": "b4edd2a1e6ac1827202f336cac2771cb529de542"
        }
    },
    "sonata-project/doctrine-extensions": {
        "version": "2.4",
        "recipe": {
            "repo": "github.com/symfony/recipes-contrib",
            "branch": "main",
            "version": "1.8",
            "ref": "4ea4a4b6730f83239608d7d4c849533645c70169"
        }
    },
    "sonata-project/doctrine-orm-admin-bundle": {
        "version": "4.19.0"
    },
    "sonata-project/exporter": {
        "version": "3.3",
        "recipe": {
            "repo": "github.com/symfony/recipes-contrib",
            "branch": "main",
            "version": "2.4",
            "ref": "93d6df022ef1dc24bdfa8667ddd560bbde89a7cc"
        }
    },
    "sonata-project/form-extensions": {
        "version": "2.4",
        "recipe": {
            "repo": "github.com/symfony/recipes-contrib",
            "branch": "main",
            "version": "1.4",
            "ref": "9c8a1e8ce2b1f215015ed16652c4ed18eb5867fd"
        }
    },
    "sonata-project/media-bundle": {
        "version": "4.19",
        "recipe": {
            "repo": "github.com/symfony/recipes-contrib",
            "branch": "main",
            "version": "4.0",
            "ref": "ec54b1d3b1ec60cd92f482f65bb707c765fd5e8d"
        },
        "files": [
            "config/packages/sonata_media.yaml",
            "config/routes/sonata_media.yaml",
            "public/uploads/media/.gitignore"
        ]
    },
    "sonata-project/twig-extensions": {
        "version": "2.5",
        "recipe": {
            "repo": "github.com/symfony/recipes-contrib",
            "branch": "main",
            "version": "1.2",
            "ref": "30dba2f9b719f21b497a6302f41aac07f9079e13"
        }
    },
    "sonata-project/user-bundle": {
        "version": "5.18.0"
    },
    "symfony/console": {
        "version": "7.2",
        "recipe": {
            "repo": "github.com/symfony/recipes",
            "branch": "main",
            "version": "5.3",
            "ref": "1781ff40d8a17d87cf53f8d4cf0c8346ed2bb461"
        },
        "files": [
            "bin/console"
        ]
    },
    "symfony/flex": {
        "version": "2.4",
        "recipe": {
            "repo": "github.com/symfony/recipes",
            "branch": "main",
            "version": "2.4",
            "ref": "52e9754527a15e2b79d9a610f98185a1fe46622a"
        },
        "files": [
            ".env",
            ".env.dev"
        ]
    },
    "symfony/form": {
        "version": "7.2",
        "recipe": {
            "repo": "github.com/symfony/recipes",
            "branch": "main",
            "version": "7.2",
            "ref": "7d86a6723f4a623f59e2bf966b6aad2fc461d36b"
        },
        "files": [
            "config/packages/csrf.yaml"
        ]
    },
    "symfony/framework-bundle": {
        "version": "7.2",
        "recipe": {
            "repo": "github.com/symfony/recipes",
            "branch": "main",
            "version": "7.2",
            "ref": "87bcf6f7c55201f345d8895deda46d2adbdbaa89"
        },
        "files": [
            "config/packages/cache.yaml",
            "config/packages/framework.yaml",
            "config/preload.php",
            "config/routes/framework.yaml",
            "config/services.yaml",
            "public/index.php",
            "src/Controller/.gitignore",
            "src/Kernel.php"
        ]
    },
    "symfony/mailer": {
        "version": "7.4",
        "recipe": {
            "repo": "github.com/symfony/recipes",
            "branch": "main",
            "version": "4.3",
            "ref": "09051cfde49476e3c12cd3a0e44289ace1c75a4f"
        },
        "files": [
            "config/packages/mailer.yaml"
        ]
    },
    "symfony/property-info": {
        "version": "7.4",
        "recipe": {
            "repo": "github.com/symfony/recipes",
            "branch": "main",
            "version": "7.3",
            "ref": "dae70df71978ae9226ae915ffd5fad817f5ca1f7"
        },
        "files": [
            "config/packages/property_info.yaml"
        ]
    },
    "symfony/routing": {
        "version": "7.2",
        "recipe": {
            "repo": "github.com/symfony/recipes",
            "branch": "main",
            "version": "7.0",
            "ref": "21b72649d5622d8f7da329ffb5afb232a023619d"
        },
        "files": [
            "config/packages/routing.yaml",
            "config/routes.yaml"
        ]
    },
    "symfony/security-bundle": {
        "version": "7.2",
        "recipe": {
            "repo": "github.com/symfony/recipes",
            "branch": "main",
            "version": "6.4",
            "ref": "2ae08430db28c8eb4476605894296c82a642028f"
        },
        "files": [
            "config/packages/security.yaml",
            "config/routes/security.yaml"
        ]
    },
    "symfony/stimulus-bundle": {
        "version": "2.30",
        "recipe": {
            "repo": "github.com/symfony/recipes",
            "branch": "main",
            "version": "2.20",
            "ref": "c30f782a8910ae9f12e7a1399db607d172d23da6"
        },
        "files": [
            "assets/bootstrap.js",
            "assets/controllers.json",
            "assets/controllers/csrf_protection_controller.js",
            "assets/controllers/hello_controller.js"
        ]
    },
    "symfony/translation": {
        "version": "7.2",
        "recipe": {
            "repo": "github.com/symfony/recipes",
            "branch": "main",
            "version": "6.3",
            "ref": "e28e27f53663cc34f0be2837aba18e3a1bef8e7b"
        },
        "files": [
            "config/packages/translation.yaml",
            "translations/.gitignore"
        ]
    },
    "symfony/twig-bundle": {
        "version": "7.2",
        "recipe": {
            "repo": "github.com/symfony/recipes",
            "branch": "main",
            "version": "6.4",
            "ref": "cab5fd2a13a45c266d45a7d9337e28dee6272877"
        },
        "files": [
            "config/packages/twig.yaml",
            "templates/base.html.twig"
        ]
    },
    "symfony/validator": {
        "version": "7.2",
        "recipe": {
            "repo": "github.com/symfony/recipes",
            "branch": "main",
            "version": "7.0",
            "ref": "8c1c4e28d26a124b0bb273f537ca8ce443472bfd"
        },
        "files": [
            "config/packages/validator.yaml"
        ]
    },
    "symfony/web-profiler-bundle": {
        "version": "7.4",
        "recipe": {
            "repo": "github.com/symfony/recipes",
            "branch": "main",
            "version": "7.3",
            "ref": "a363460c1b0b4a4d0242f2ce1a843ca0f6ac9026"
        },
        "files": [
            "config/packages/web_profiler.yaml",
            "config/routes/web_profiler.yaml"
        ]
    }
}
